PODS:
  - OpenSSL (1.0.109)
  - SCPStoreKitManager/Core (1.1.1)
  - SCPStoreKitManager/SCPStoreKitReceiptValidator (1.1.1):
    - OpenSSL (~> 1.0.0)
    - SCPStoreKitManager/Core

DEPENDENCIES:
  - SCPStoreKitManager/SCPStoreKitReceiptValidator (from `../`)

EXTERNAL SOURCES:
  SCPStoreKitManager:
    :path: ../

SPEC CHECKSUMS:
  OpenSSL: 4810adf5c99b0e2cd20670a11a987c805e8a521c
  SCPStoreKitManager: d6617b4af295a5043ea01671cd87389a1a1779e2

COCOAPODS: 0.34.2
